
Microsoft Visual Studio Solution File, Format Version 12.00
# Visual Studio Version 17
VisualStudioVersion = 17.1.31911.260
MinimumVisualStudioVersion = 10.0.40219.1
Project("{9A19103F-16F7-4668-BE54-9A1E7A4F7556}") = "DataAccessLibrary", "DataAccessLibrary\DataAccessLibrary.csproj", "{F24C525E-2A74-48F3-B8A8-AD8EF5ECD1E2}"
EndProject
Project("{2150E333-8FDC-42A3-9474-1A3956D46DE8}") = "Solution Items", "Solution Items", "{D9AC67AB-D70E-46F5-8FB3-2E025A823523}"
	ProjectSection(SolutionItems) = preProject
		.editorconfig = .editorconfig
		README.md = README.md
	EndProjectSection
EndProject
Project("{9A19103F-16F7-4668-BE54-9A1E7A4F7556}") = "VoiceLauncher", "VoiceLauncher\VoiceLauncher.csproj", "{38490DD4-6FE3-4C88-81DB-F129234ABBC3}"
EndProject
Project("{9A19103F-16F7-4668-BE54-9A1E7A4F7556}") = "TestProjectxUnit", "TestProjectxUnit\TestProjectxUnit.csproj", "{F71448E1-307B-4C56-BBB5-47D829FDD714}"
EndProject
Project("{9A19103F-16F7-4668-BE54-9A1E7A4F7556}") = "PlaywrightTests", "PlaywrightTests\PlaywrightTests.csproj", "{9E189910-1031-4AE3-844B-A94F7846DF20}"
EndProject
Project("{9A19103F-16F7-4668-BE54-9A1E7A4F7556}") = "VoiceAdminMAUI", "VoiceAdminMAUI\VoiceAdminMAUI.csproj", "{6DC05528-6BD0-4B19-BC20-5D7B41A14F8E}"
EndProject
Project("{FAE04EC0-301F-11D3-BF4B-00C04F79EFBC}") = "RazorClassLibrary", "VoiceAdmin.RazorClassLibrary\RazorClassLibrary.csproj", "{6F8BA9D4-96A6-4BD7-965E-809BD94E8799}"
EndProject
Global
	GlobalSection(SolutionConfigurationPlatforms) = preSolution
		Debug|Any CPU = Debug|Any CPU
		Release|Any CPU = Release|Any CPU
	EndGlobalSection
	GlobalSection(ProjectConfigurationPlatforms) = postSolution
		{F24C525E-2A74-48F3-B8A8-AD8EF5ECD1E2}.Debug|Any CPU.ActiveCfg = Debug|Any CPU
		{F24C525E-2A74-48F3-B8A8-AD8EF5ECD1E2}.Debug|Any CPU.Build.0 = Debug|Any CPU
		{F24C525E-2A74-48F3-B8A8-AD8EF5ECD1E2}.Release|Any CPU.ActiveCfg = Release|Any CPU
		{F24C525E-2A74-48F3-B8A8-AD8EF5ECD1E2}.Release|Any CPU.Build.0 = Release|Any CPU
		{38490DD4-6FE3-4C88-81DB-F129234ABBC3}.Debug|Any CPU.ActiveCfg = Debug|Any CPU
		{38490DD4-6FE3-4C88-81DB-F129234ABBC3}.Debug|Any CPU.Build.0 = Debug|Any CPU
		{38490DD4-6FE3-4C88-81DB-F129234ABBC3}.Release|Any CPU.ActiveCfg = Release|Any CPU
		{38490DD4-6FE3-4C88-81DB-F129234ABBC3}.Release|Any CPU.Build.0 = Release|Any CPU
		{F71448E1-307B-4C56-BBB5-47D829FDD714}.Debug|Any CPU.ActiveCfg = Debug|Any CPU
		{F71448E1-307B-4C56-BBB5-47D829FDD714}.Debug|Any CPU.Build.0 = Debug|Any CPU
		{F71448E1-307B-4C56-BBB5-47D829FDD714}.Release|Any CPU.ActiveCfg = Release|Any CPU
		{F71448E1-307B-4C56-BBB5-47D829FDD714}.Release|Any CPU.Build.0 = Release|Any CPU
		{9E189910-1031-4AE3-844B-A94F7846DF20}.Debug|Any CPU.ActiveCfg = Debug|Any CPU
		{9E189910-1031-4AE3-844B-A94F7846DF20}.Debug|Any CPU.Build.0 = Debug|Any CPU
		{9E189910-1031-4AE3-844B-A94F7846DF20}.Release|Any CPU.ActiveCfg = Release|Any CPU
		{9E189910-1031-4AE3-844B-A94F7846DF20}.Release|Any CPU.Build.0 = Release|Any CPU
		{6DC05528-6BD0-4B19-BC20-5D7B41A14F8E}.Debug|Any CPU.ActiveCfg = Debug|Any CPU
		{6DC05528-6BD0-4B19-BC20-5D7B41A14F8E}.Debug|Any CPU.Build.0 = Debug|Any CPU
		{6DC05528-6BD0-4B19-BC20-5D7B41A14F8E}.Debug|Any CPU.Deploy.0 = Debug|Any CPU
		{6DC05528-6BD0-4B19-BC20-5D7B41A14F8E}.Release|Any CPU.ActiveCfg = Release|Any CPU
		{6DC05528-6BD0-4B19-BC20-5D7B41A14F8E}.Release|Any CPU.Build.0 = Release|Any CPU
		{6DC05528-6BD0-4B19-BC20-5D7B41A14F8E}.Release|Any CPU.Deploy.0 = Release|Any CPU
		{6F8BA9D4-96A6-4BD7-965E-809BD94E8799}.Debug|Any CPU.ActiveCfg = Debug|Any CPU
		{6F8BA9D4-96A6-4BD7-965E-809BD94E8799}.Debug|Any CPU.Build.0 = Debug|Any CPU
		{6F8BA9D4-96A6-4BD7-965E-809BD94E8799}.Release|Any CPU.ActiveCfg = Release|Any CPU
		{6F8BA9D4-96A6-4BD7-965E-809BD94E8799}.Release|Any CPU.Build.0 = Release|Any CPU
	EndGlobalSection
	GlobalSection(SolutionProperties) = preSolution
		HideSolutionNode = FALSE
	EndGlobalSection
	GlobalSection(ExtensibilityGlobals) = postSolution
		SolutionGuid = {C58F1ED7-5F2B-44BC-A7FE-45AD98825C20}
	EndGlobalSection
EndGlobal
