
Microsoft Visual Studio Solution File, Format Version 12.00
# Visual Studio Version 16
VisualStudioVersion = 16.0.29721.120
MinimumVisualStudioVersion = 10.0.40219.1
Project("{9A19103F-16F7-4668-BE54-9A1E7A4F7556}") = "VoiceLauncherBlazor", "VoiceLauncherBlazor\VoiceLauncherBlazor.csproj", "{DEDAF24F-D6AD-4FB5-AD14-DCC7F94B4B63}"
EndProject
Project("{9A19103F-16F7-4668-BE54-9A1E7A4F7556}") = "UnitTestProject", "UnitTestProject\UnitTestProject.csproj", "{33894701-68D6-4EF5-8232-6EA8B072BD2B}"
EndProject
Project("{9A19103F-16F7-4668-BE54-9A1E7A4F7556}") = "DataAccessLibrary", "DataAccessLibrary\DataAccessLibrary.csproj", "{F24C525E-2A74-48F3-B8A8-AD8EF5ECD1E2}"
EndProject
Project("{9A19103F-16F7-4668-BE54-9A1E7A4F7556}") = "VoiceLauncherWebAPI", "VoiceLauncherWebAPI\VoiceLauncherWebAPI.csproj", "{93EEE62B-8288-46AE-B215-A142BABD047C}"
EndProject
Project("{00D1A9C2-B5F0-4AF3-8072-F6C62B433612}") = "VoiceLauncherDatabaseProject", "VoiceLauncherDatabaseProject\VoiceLauncherDatabaseProject.sqlproj", "{8A6FE78C-8AC9-4466-97E1-0DA6176E2096}"
EndProject
Global
	GlobalSection(SolutionConfigurationPlatforms) = preSolution
		Debug|Any CPU = Debug|Any CPU
		Release|Any CPU = Release|Any CPU
	EndGlobalSection
	GlobalSection(ProjectConfigurationPlatforms) = postSolution
		{DEDAF24F-D6AD-4FB5-AD14-DCC7F94B4B63}.Debug|Any CPU.ActiveCfg = Debug|Any CPU
		{DEDAF24F-D6AD-4FB5-AD14-DCC7F94B4B63}.Debug|Any CPU.Build.0 = Debug|Any CPU
		{DEDAF24F-D6AD-4FB5-AD14-DCC7F94B4B63}.Release|Any CPU.ActiveCfg = Release|Any CPU
		{DEDAF24F-D6AD-4FB5-AD14-DCC7F94B4B63}.Release|Any CPU.Build.0 = Release|Any CPU
		{33894701-68D6-4EF5-8232-6EA8B072BD2B}.Debug|Any CPU.ActiveCfg = Debug|Any CPU
		{33894701-68D6-4EF5-8232-6EA8B072BD2B}.Debug|Any CPU.Build.0 = Debug|Any CPU
		{33894701-68D6-4EF5-8232-6EA8B072BD2B}.Release|Any CPU.ActiveCfg = Release|Any CPU
		{33894701-68D6-4EF5-8232-6EA8B072BD2B}.Release|Any CPU.Build.0 = Release|Any CPU
		{F24C525E-2A74-48F3-B8A8-AD8EF5ECD1E2}.Debug|Any CPU.ActiveCfg = Debug|Any CPU
		{F24C525E-2A74-48F3-B8A8-AD8EF5ECD1E2}.Debug|Any CPU.Build.0 = Debug|Any CPU
		{F24C525E-2A74-48F3-B8A8-AD8EF5ECD1E2}.Release|Any CPU.ActiveCfg = Release|Any CPU
		{F24C525E-2A74-48F3-B8A8-AD8EF5ECD1E2}.Release|Any CPU.Build.0 = Release|Any CPU
		{93EEE62B-8288-46AE-B215-A142BABD047C}.Debug|Any CPU.ActiveCfg = Debug|Any CPU
		{93EEE62B-8288-46AE-B215-A142BABD047C}.Debug|Any CPU.Build.0 = Debug|Any CPU
		{93EEE62B-8288-46AE-B215-A142BABD047C}.Release|Any CPU.ActiveCfg = Release|Any CPU
		{93EEE62B-8288-46AE-B215-A142BABD047C}.Release|Any CPU.Build.0 = Release|Any CPU
		{8A6FE78C-8AC9-4466-97E1-0DA6176E2096}.Debug|Any CPU.ActiveCfg = Debug|Any CPU
		{8A6FE78C-8AC9-4466-97E1-0DA6176E2096}.Debug|Any CPU.Build.0 = Debug|Any CPU
		{8A6FE78C-8AC9-4466-97E1-0DA6176E2096}.Debug|Any CPU.Deploy.0 = Debug|Any CPU
		{8A6FE78C-8AC9-4466-97E1-0DA6176E2096}.Release|Any CPU.ActiveCfg = Release|Any CPU
		{8A6FE78C-8AC9-4466-97E1-0DA6176E2096}.Release|Any CPU.Build.0 = Release|Any CPU
		{8A6FE78C-8AC9-4466-97E1-0DA6176E2096}.Release|Any CPU.Deploy.0 = Release|Any CPU
	EndGlobalSection
	GlobalSection(SolutionProperties) = preSolution
		HideSolutionNode = FALSE
	EndGlobalSection
	GlobalSection(ExtensibilityGlobals) = postSolution
		SolutionGuid = {C58F1ED7-5F2B-44BC-A7FE-45AD98825C20}
	EndGlobalSection
EndGlobal
